
Microsoft Visual Studio Solution File, Format Version 12.00
# Visual Studio Version 17
VisualStudioVersion = 17.2.32602.215
MinimumVisualStudioVersion = 10.0.40219.1
Project("{9A19103F-16F7-4668-BE54-9A1E7A4F7556}") = "Product Management", "Product Management.csproj", "{042C38F6-91F3-4B25-AFB9-B5D3391B169C}"
EndProject
Project("{9A19103F-16F7-4668-BE54-9A1E7A4F7556}") = "ProdMgmtMSSQL", "..\ProdMgmtMSSQL\ProdMgmtMSSQL.csproj", "{A7735F14-71A8-41CE-9B68-1877900EED95}"
EndProject
Project("{9A19103F-16F7-4668-BE54-9A1E7A4F7556}") = "ProdMgmtMySQL", "..\ProdMgmtMYSQL\ProdMgmtMySQL.csproj", "{5A416040-AC64-43C7-98C5-CFA430AF676B}"
EndProject
Project("{9A19103F-16F7-4668-BE54-9A1E7A4F7556}") = "ProdMgmtRAM", "..\ProdMgmtRAM\ProdMgmtRAM.csproj", "{5FBB5869-08DA-4B7B-9D39-EFFE9868D311}"
EndProject
Global
	GlobalSection(SolutionConfigurationPlatforms) = preSolution
		Debug|Any CPU = Debug|Any CPU
		Release|Any CPU = Release|Any CPU
	EndGlobalSection
	GlobalSection(ProjectConfigurationPlatforms) = postSolution
		{042C38F6-91F3-4B25-AFB9-B5D3391B169C}.Debug|Any CPU.ActiveCfg = Debug|Any CPU
		{042C38F6-91F3-4B25-AFB9-B5D3391B169C}.Debug|Any CPU.Build.0 = Debug|Any CPU
		{042C38F6-91F3-4B25-AFB9-B5D3391B169C}.Release|Any CPU.ActiveCfg = Release|Any CPU
		{042C38F6-91F3-4B25-AFB9-B5D3391B169C}.Release|Any CPU.Build.0 = Release|Any CPU
		{A7735F14-71A8-41CE-9B68-1877900EED95}.Debug|Any CPU.ActiveCfg = Debug|Any CPU
		{A7735F14-71A8-41CE-9B68-1877900EED95}.Debug|Any CPU.Build.0 = Debug|Any CPU
		{A7735F14-71A8-41CE-9B68-1877900EED95}.Release|Any CPU.ActiveCfg = Release|Any CPU
		{A7735F14-71A8-41CE-9B68-1877900EED95}.Release|Any CPU.Build.0 = Release|Any CPU
		{5A416040-AC64-43C7-98C5-CFA430AF676B}.Debug|Any CPU.ActiveCfg = Debug|Any CPU
		{5A416040-AC64-43C7-98C5-CFA430AF676B}.Debug|Any CPU.Build.0 = Debug|Any CPU
		{5A416040-AC64-43C7-98C5-CFA430AF676B}.Release|Any CPU.ActiveCfg = Release|Any CPU
		{5A416040-AC64-43C7-98C5-CFA430AF676B}.Release|Any CPU.Build.0 = Release|Any CPU
		{5FBB5869-08DA-4B7B-9D39-EFFE9868D311}.Debug|Any CPU.ActiveCfg = Debug|Any CPU
		{5FBB5869-08DA-4B7B-9D39-EFFE9868D311}.Debug|Any CPU.Build.0 = Debug|Any CPU
		{5FBB5869-08DA-4B7B-9D39-EFFE9868D311}.Release|Any CPU.ActiveCfg = Release|Any CPU
		{5FBB5869-08DA-4B7B-9D39-EFFE9868D311}.Release|Any CPU.Build.0 = Release|Any CPU
	EndGlobalSection
	GlobalSection(SolutionProperties) = preSolution
		HideSolutionNode = FALSE
	EndGlobalSection
	GlobalSection(ExtensibilityGlobals) = postSolution
		SolutionGuid = {91DE37BD-5755-4A7B-BAA9-CFD3CD215CB4}
	EndGlobalSection
EndGlobal
